version = 1
requires-python = ">=3.9"

[[package]]
name = "models"
version = "0.1.0"
source = { virtual = "." }
dependencies = [
    { name = "paddle2onnx" },
]

[package.metadata]
requires-dist = [{ name = "paddle2onnx", specifier = ">=1.2.9" }]

[[package]]
name = "paddle2onnx"
version = "1.2.9"
source = { registry = "https://pypi.org/simple" }
wheels = [
    { url = "https://files.pythonhosted.org/packages/b6/5d/cd6599e1fd2e25d6e732cb0c3eceaf15bcad6cb0ca4a73650354bfcb49ac/paddle2onnx-1.2.9-cp310-cp310-manylinux_2_17_aarch64.manylinux2014_aarch64.whl", hash = "sha256:e7653a176506b5e10e57b9ae2c1daf7c31dacdbd2c4f2ff5ec8977f640395d9b", size = 3417546 },
    { url = "https://files.pythonhosted.org/packages/bf/8b/f0b838d205c6aec6b176e57d98ee8fc950b24391ab6b1e5b80bc683cef05/paddle2onnx-1.2.9-cp310-cp310-manylinux_2_17_x86_64.manylinux2014_x86_64.whl", hash = "sha256:f3bc8447a26f5211b8d8ec6e76d237fc5c5f087eaa33c11a9c9c3708705159ca", size = 3620652 },
    { url = "https://files.pythonhosted.org/packages/40/7e/3be9dff2333a2c6e30417bd057df98dc7dc80d1c0022435b735ea2aa815d/paddle2onnx-1.2.9-cp311-cp311-manylinux_2_17_aarch64.manylinux2014_aarch64.whl", hash = "sha256:56f11e7f39618fc5564babc2bf8ccce37f2e017c6ae67f52d42463d32d3e9a06", size = 3419601 },
    { url = "https://files.pythonhosted.org/packages/fb/42/cc0e2180bc7b7825f9e657707c7af0684f793cc55b6fbffbb6d156e79ee1/paddle2onnx-1.2.9-cp311-cp311-manylinux_2_17_x86_64.manylinux2014_x86_64.whl", hash = "sha256:9fdaa6cba53daeb8e4ee9a8de00bdb99ca49950ab08baa7e739006aed81d7dae", size = 3621388 },
    { url = "https://files.pythonhosted.org/packages/ba/53/fac09337e28691d4f8991e14ac05c16793ec793607648a22f031869a7796/paddle2onnx-1.2.9-cp312-cp312-manylinux_2_17_aarch64.manylinux2014_aarch64.whl", hash = "sha256:536fe008023d9f230b2df6bcf15ad3bd40a7832af7516ba03e8b2a14416c379d", size = 3418656 },
    { url = "https://files.pythonhosted.org/packages/46/0f/0c9e5649a43c87c8b7a911cfc86d3a1561b8c16ce9cbffdd6d0f1c545fdd/paddle2onnx-1.2.9-cp312-cp312-manylinux_2_17_x86_64.manylinux2014_x86_64.whl", hash = "sha256:6c0e032af358aa78a83f3dac7e8877a9c2208efc6b5df23405e7021464136cb1", size = 3621114 },
    { url = "https://files.pythonhosted.org/packages/c7/6e/e79759b7327cfdcfb9b641ed9bfcead6202485981e9b07746a7d6bcde044/paddle2onnx-1.2.9-cp39-cp39-manylinux_2_17_aarch64.manylinux2014_aarch64.whl", hash = "sha256:02497d56a107ba5b91047b3f5f45ab82b76df3dd9a64b5dd3405c8d2966dbb11", size = 3417181 },
    { url = "https://files.pythonhosted.org/packages/ba/62/547b8716a69e91ebc01405054537f504a2bddb2177c176c2a07f453b9c53/paddle2onnx-1.2.9-cp39-cp39-manylinux_2_17_x86_64.manylinux2014_x86_64.whl", hash = "sha256:86b865f2d10ddf4c2a711f075e77728e2ff64185837514bcb9a4331ce54e4841", size = 3620895 },
]
